// !$*UTF8*$!
{
	archiveVersion = 1;
	classes = {
	};
	objectVersion = 56;
	objects = {

/* Begin PBXBuildFile section */
		D72C52D0297D390B001319BB /* HomeView.swift in Sources */ = {isa = PBXBuildFile; fileRef = D72C52CF297D390B001319BB /* HomeView.swift */; };
		D72C52D4297D395D001319BB /* TabItem.swift in Sources */ = {isa = PBXBuildFile; fileRef = D72C52D3297D395D001319BB /* TabItem.swift */; };
		D73C7C36297EB2D500EC450A /* Color+Ext.swift in Sources */ = {isa = PBXBuildFile; fileRef = D73C7C35297EB2D500EC450A /* Color+Ext.swift */; };
		D73C7C38297EBC6B00EC450A /* AppBackground.swift in Sources */ = {isa = PBXBuildFile; fileRef = D73C7C37297EBC6B00EC450A /* AppBackground.swift */; };
		D74B3FAC297D44CE00B596D0 /* Alamofire in Frameworks */ = {isa = PBXBuildFile; productRef = D74B3FAB297D44CE00B596D0 /* Alamofire */; };
		D74B3FAF297D461E00B596D0 /* Realm in Frameworks */ = {isa = PBXBuildFile; productRef = D74B3FAE297D461E00B596D0 /* Realm */; };
		D74B3FB1297D461E00B596D0 /* RealmSwift in Frameworks */ = {isa = PBXBuildFile; productRef = D74B3FB0297D461E00B596D0 /* RealmSwift */; };
		D74B3FB4297D468700B596D0 /* SDWebImageSwiftUI in Frameworks */ = {isa = PBXBuildFile; productRef = D74B3FB3297D468700B596D0 /* SDWebImageSwiftUI */; };
		D74B3FB7297D472700B596D0 /* APIEndpoint.swift in Sources */ = {isa = PBXBuildFile; fileRef = D74B3FB6297D472700B596D0 /* APIEndpoint.swift */; };
		D74B3FBB297D760400B596D0 /* MealRepository.swift in Sources */ = {isa = PBXBuildFile; fileRef = D74B3FBA297D760400B596D0 /* MealRepository.swift */; };
		D74B3FBD297D765300B596D0 /* MealModel.swift in Sources */ = {isa = PBXBuildFile; fileRef = D74B3FBC297D765300B596D0 /* MealModel.swift */; };
		D74B3FBF297D76C400B596D0 /* RemoteDataSource.swift in Sources */ = {isa = PBXBuildFile; fileRef = D74B3FBE297D76C400B596D0 /* RemoteDataSource.swift */; };
		D74B3FC2297D776A00B596D0 /* MealsResponse.swift in Sources */ = {isa = PBXBuildFile; fileRef = D74B3FC1297D776A00B596D0 /* MealsResponse.swift */; };
		D74B3FC5297D795100B596D0 /* CustomError+Ext.swift in Sources */ = {isa = PBXBuildFile; fileRef = D74B3FC4297D795100B596D0 /* CustomError+Ext.swift */; };
		D74B3FC7297D7D5D00B596D0 /* Injection.swift in Sources */ = {isa = PBXBuildFile; fileRef = D74B3FC6297D7D5D00B596D0 /* Injection.swift */; };
		D74B3FCA297E25B300B596D0 /* MealMapper.swift in Sources */ = {isa = PBXBuildFile; fileRef = D74B3FC9297E25B300B596D0 /* MealMapper.swift */; };
		D74B3FCC297E2B2A00B596D0 /* HomeInteractor.swift in Sources */ = {isa = PBXBuildFile; fileRef = D74B3FCB297E2B2A00B596D0 /* HomeInteractor.swift */; };
		D74B3FCF297E2F8300B596D0 /* Swinject in Frameworks */ = {isa = PBXBuildFile; productRef = D74B3FCE297E2F8300B596D0 /* Swinject */; };
		D74B3FD1297E3DB700B596D0 /* CustomEmptyView.swift in Sources */ = {isa = PBXBuildFile; fileRef = D74B3FD0297E3DB700B596D0 /* CustomEmptyView.swift */; };
		D74B3FD3297E3E4A00B596D0 /* MealRow.swift in Sources */ = {isa = PBXBuildFile; fileRef = D74B3FD2297E3E4A00B596D0 /* MealRow.swift */; };
		D74B3FD7297E6D0300B596D0 /* DetailInteractor.swift in Sources */ = {isa = PBXBuildFile; fileRef = D74B3FD6297E6D0300B596D0 /* DetailInteractor.swift */; };
		D7714D67297D3D1F004594ED /* ActivityIndicator.swift in Sources */ = {isa = PBXBuildFile; fileRef = D7714D66297D3D1F004594ED /* ActivityIndicator.swift */; };
		D7714D69297D3E48004594ED /* HomePresenter.swift in Sources */ = {isa = PBXBuildFile; fileRef = D7714D68297D3E48004594ED /* HomePresenter.swift */; };
		D7714D6B297D3E82004594ED /* HomeRouter.swift in Sources */ = {isa = PBXBuildFile; fileRef = D7714D6A297D3E82004594ED /* HomeRouter.swift */; };
		D7714D6D297D3E91004594ED /* DetailView.swift in Sources */ = {isa = PBXBuildFile; fileRef = D7714D6C297D3E91004594ED /* DetailView.swift */; };
		D7714D6F297D3E98004594ED /* DetailPresenter.swift in Sources */ = {isa = PBXBuildFile; fileRef = D7714D6E297D3E98004594ED /* DetailPresenter.swift */; };
		D7935D7E297CF2E500FB5AB1 /* DamealApp.swift in Sources */ = {isa = PBXBuildFile; fileRef = D7935D7D297CF2E500FB5AB1 /* DamealApp.swift */; };
		D7935D80297CF2E500FB5AB1 /* ContentView.swift in Sources */ = {isa = PBXBuildFile; fileRef = D7935D7F297CF2E500FB5AB1 /* ContentView.swift */; };
		D7935D82297CF2E700FB5AB1 /* Assets.xcassets in Resources */ = {isa = PBXBuildFile; fileRef = D7935D81297CF2E700FB5AB1 /* Assets.xcassets */; };
		D7935D85297CF2E700FB5AB1 /* Preview Assets.xcassets in Resources */ = {isa = PBXBuildFile; fileRef = D7935D84297CF2E700FB5AB1 /* Preview Assets.xcassets */; };
		D7D3F0BB297EFD6700D5283F /* View+Ext.swift in Sources */ = {isa = PBXBuildFile; fileRef = D7D3F0BA297EFD6700D5283F /* View+Ext.swift */; };
		D7EFAD5E297F056400EF1E30 /* MealEntity.swift in Sources */ = {isa = PBXBuildFile; fileRef = D7EFAD5D297F056400EF1E30 /* MealEntity.swift */; };
		D7EFAD60297F058B00EF1E30 /* LocaleDataSource.swift in Sources */ = {isa = PBXBuildFile; fileRef = D7EFAD5F297F058B00EF1E30 /* LocaleDataSource.swift */; };
		D7EFAD65297F16B100EF1E30 /* FavoriteView.swift in Sources */ = {isa = PBXBuildFile; fileRef = D7EFAD64297F16B100EF1E30 /* FavoriteView.swift */; };
		D7EFAD67297F16BE00EF1E30 /* FavoritePresenter.swift in Sources */ = {isa = PBXBuildFile; fileRef = D7EFAD66297F16BE00EF1E30 /* FavoritePresenter.swift */; };
		D7EFAD69297F16C500EF1E30 /* FavoriteRouter.swift in Sources */ = {isa = PBXBuildFile; fileRef = D7EFAD68297F16C500EF1E30 /* FavoriteRouter.swift */; };
		D7EFAD6B297F171600EF1E30 /* FavoriteInteractor.swift in Sources */ = {isa = PBXBuildFile; fileRef = D7EFAD6A297F171600EF1E30 /* FavoriteInteractor.swift */; };
		D7EFAD6E297F1A4C00EF1E30 /* AboutView.swift in Sources */ = {isa = PBXBuildFile; fileRef = D7EFAD6D297F1A4C00EF1E30 /* AboutView.swift */; };
		D7EFAD70297F1D4800EF1E30 /* LinkButton.swift in Sources */ = {isa = PBXBuildFile; fileRef = D7EFAD6F297F1D4800EF1E30 /* LinkButton.swift */; };
/* End PBXBuildFile section */

/* Begin PBXFileReference section */
		D72C52CF297D390B001319BB /* HomeView.swift */ = {isa = PBXFileReference; lastKnownFileType = sourcecode.swift; path = HomeView.swift; sourceTree = "<group>"; };
		D72C52D3297D395D001319BB /* TabItem.swift */ = {isa = PBXFileReference; lastKnownFileType = sourcecode.swift; path = TabItem.swift; sourceTree = "<group>"; };
		D73C7C35297EB2D500EC450A /* Color+Ext.swift */ = {isa = PBXFileReference; lastKnownFileType = sourcecode.swift; path = "Color+Ext.swift"; sourceTree = "<group>"; };
		D73C7C37297EBC6B00EC450A /* AppBackground.swift */ = {isa = PBXFileReference; lastKnownFileType = sourcecode.swift; path = AppBackground.swift; sourceTree = "<group>"; };
		D74B3FB6297D472700B596D0 /* APIEndpoint.swift */ = {isa = PBXFileReference; lastKnownFileType = sourcecode.swift; path = APIEndpoint.swift; sourceTree = "<group>"; };
		D74B3FBA297D760400B596D0 /* MealRepository.swift */ = {isa = PBXFileReference; lastKnownFileType = sourcecode.swift; path = MealRepository.swift; sourceTree = "<group>"; };
		D74B3FBC297D765300B596D0 /* MealModel.swift */ = {isa = PBXFileReference; lastKnownFileType = sourcecode.swift; path = MealModel.swift; sourceTree = "<group>"; };
		D74B3FBE297D76C400B596D0 /* RemoteDataSource.swift */ = {isa = PBXFileReference; lastKnownFileType = sourcecode.swift; path = RemoteDataSource.swift; sourceTree = "<group>"; };
		D74B3FC1297D776A00B596D0 /* MealsResponse.swift */ = {isa = PBXFileReference; lastKnownFileType = sourcecode.swift; path = MealsResponse.swift; sourceTree = "<group>"; };
		D74B3FC4297D795100B596D0 /* CustomError+Ext.swift */ = {isa = PBXFileReference; lastKnownFileType = sourcecode.swift; path = "CustomError+Ext.swift"; sourceTree = "<group>"; };
		D74B3FC6297D7D5D00B596D0 /* Injection.swift */ = {isa = PBXFileReference; lastKnownFileType = sourcecode.swift; path = Injection.swift; sourceTree = "<group>"; };
		D74B3FC9297E25B300B596D0 /* MealMapper.swift */ = {isa = PBXFileReference; lastKnownFileType = sourcecode.swift; path = MealMapper.swift; sourceTree = "<group>"; };
		D74B3FCB297E2B2A00B596D0 /* HomeInteractor.swift */ = {isa = PBXFileReference; lastKnownFileType = sourcecode.swift; path = HomeInteractor.swift; sourceTree = "<group>"; };
		D74B3FD0297E3DB700B596D0 /* CustomEmptyView.swift */ = {isa = PBXFileReference; lastKnownFileType = sourcecode.swift; path = CustomEmptyView.swift; sourceTree = "<group>"; };
		D74B3FD2297E3E4A00B596D0 /* MealRow.swift */ = {isa = PBXFileReference; lastKnownFileType = sourcecode.swift; path = MealRow.swift; sourceTree = "<group>"; };
		D74B3FD6297E6D0300B596D0 /* DetailInteractor.swift */ = {isa = PBXFileReference; lastKnownFileType = sourcecode.swift; path = DetailInteractor.swift; sourceTree = "<group>"; };
		D7714D66297D3D1F004594ED /* ActivityIndicator.swift */ = {isa = PBXFileReference; lastKnownFileType = sourcecode.swift; path = ActivityIndicator.swift; sourceTree = "<group>"; };
		D7714D68297D3E48004594ED /* HomePresenter.swift */ = {isa = PBXFileReference; lastKnownFileType = sourcecode.swift; path = HomePresenter.swift; sourceTree = "<group>"; };
		D7714D6A297D3E82004594ED /* HomeRouter.swift */ = {isa = PBXFileReference; lastKnownFileType = sourcecode.swift; path = HomeRouter.swift; sourceTree = "<group>"; };
		D7714D6C297D3E91004594ED /* DetailView.swift */ = {isa = PBXFileReference; lastKnownFileType = sourcecode.swift; path = DetailView.swift; sourceTree = "<group>"; };
		D7714D6E297D3E98004594ED /* DetailPresenter.swift */ = {isa = PBXFileReference; lastKnownFileType = sourcecode.swift; path = DetailPresenter.swift; sourceTree = "<group>"; };
		D7935D7A297CF2E500FB5AB1 /* dameal.app */ = {isa = PBXFileReference; explicitFileType = wrapper.application; includeInIndex = 0; path = dameal.app; sourceTree = BUILT_PRODUCTS_DIR; };
		D7935D7D297CF2E500FB5AB1 /* DamealApp.swift */ = {isa = PBXFileReference; lastKnownFileType = sourcecode.swift; path = DamealApp.swift; sourceTree = "<group>"; };
		D7935D7F297CF2E500FB5AB1 /* ContentView.swift */ = {isa = PBXFileReference; lastKnownFileType = sourcecode.swift; path = ContentView.swift; sourceTree = "<group>"; };
		D7935D81297CF2E700FB5AB1 /* Assets.xcassets */ = {isa = PBXFileReference; lastKnownFileType = folder.assetcatalog; path = Assets.xcassets; sourceTree = "<group>"; };
		D7935D84297CF2E700FB5AB1 /* Preview Assets.xcassets */ = {isa = PBXFileReference; lastKnownFileType = folder.assetcatalog; path = "Preview Assets.xcassets"; sourceTree = "<group>"; };
		D7D3F0BA297EFD6700D5283F /* View+Ext.swift */ = {isa = PBXFileReference; lastKnownFileType = sourcecode.swift; path = "View+Ext.swift"; sourceTree = "<group>"; };
		D7EFAD5D297F056400EF1E30 /* MealEntity.swift */ = {isa = PBXFileReference; lastKnownFileType = sourcecode.swift; path = MealEntity.swift; sourceTree = "<group>"; };
		D7EFAD5F297F058B00EF1E30 /* LocaleDataSource.swift */ = {isa = PBXFileReference; lastKnownFileType = sourcecode.swift; path = LocaleDataSource.swift; sourceTree = "<group>"; };
		D7EFAD64297F16B100EF1E30 /* FavoriteView.swift */ = {isa = PBXFileReference; lastKnownFileType = sourcecode.swift; path = FavoriteView.swift; sourceTree = "<group>"; };
		D7EFAD66297F16BE00EF1E30 /* FavoritePresenter.swift */ = {isa = PBXFileReference; lastKnownFileType = sourcecode.swift; path = FavoritePresenter.swift; sourceTree = "<group>"; };
		D7EFAD68297F16C500EF1E30 /* FavoriteRouter.swift */ = {isa = PBXFileReference; lastKnownFileType = sourcecode.swift; path = FavoriteRouter.swift; sourceTree = "<group>"; };
		D7EFAD6A297F171600EF1E30 /* FavoriteInteractor.swift */ = {isa = PBXFileReference; lastKnownFileType = sourcecode.swift; path = FavoriteInteractor.swift; sourceTree = "<group>"; };
		D7EFAD6D297F1A4C00EF1E30 /* AboutView.swift */ = {isa = PBXFileReference; lastKnownFileType = sourcecode.swift; path = AboutView.swift; sourceTree = "<group>"; };
		D7EFAD6F297F1D4800EF1E30 /* LinkButton.swift */ = {isa = PBXFileReference; lastKnownFileType = sourcecode.swift; path = LinkButton.swift; sourceTree = "<group>"; };
/* End PBXFileReference section */

/* Begin PBXFrameworksBuildPhase section */
		D7935D77297CF2E500FB5AB1 /* Frameworks */ = {
			isa = PBXFrameworksBuildPhase;
			buildActionMask = 2147483647;
			files = (
				D74B3FB4297D468700B596D0 /* SDWebImageSwiftUI in Frameworks */,
				D74B3FCF297E2F8300B596D0 /* Swinject in Frameworks */,
				D74B3FB1297D461E00B596D0 /* RealmSwift in Frameworks */,
				D74B3FAF297D461E00B596D0 /* Realm in Frameworks */,
				D74B3FAC297D44CE00B596D0 /* Alamofire in Frameworks */,
			);
			runOnlyForDeploymentPostprocessing = 0;
		};
/* End PBXFrameworksBuildPhase section */

/* Begin PBXGroup section */
		D72C52CC297D387D001319BB /* View */ = {
			isa = PBXGroup;
			children = (
				D72C52CF297D390B001319BB /* HomeView.swift */,
				D74B3FD2297E3E4A00B596D0 /* MealRow.swift */,
			);
			path = View;
			sourceTree = "<group>";
		};
		D72C52CD297D388C001319BB /* Presenter */ = {
			isa = PBXGroup;
			children = (
				D7714D68297D3E48004594ED /* HomePresenter.swift */,
			);
			path = Presenter;
			sourceTree = "<group>";
		};
		D72C52CE297D3892001319BB /* Router */ = {
			isa = PBXGroup;
			children = (
				D7714D6A297D3E82004594ED /* HomeRouter.swift */,
			);
			path = Router;
			sourceTree = "<group>";
		};
		D72C52D1297D3917001319BB /* Utils */ = {
			isa = PBXGroup;
			children = (
				D74B3FB5297D46D000B596D0 /* Network */,
				D74B3FC8297E25A300B596D0 /* Mapper */,
				D74B3FC3297D792200B596D0 /* Extensions */,
				D72C52D2297D393C001319BB /* View */,
			);
			path = Utils;
			sourceTree = "<group>";
		};
		D72C52D2297D393C001319BB /* View */ = {
			isa = PBXGroup;
			children = (
				D72C52D3297D395D001319BB /* TabItem.swift */,
				D7714D66297D3D1F004594ED /* ActivityIndicator.swift */,
				D74B3FD0297E3DB700B596D0 /* CustomEmptyView.swift */,
				D73C7C37297EBC6B00EC450A /* AppBackground.swift */,
			);
			path = View;
			sourceTree = "<group>";
		};
		D74B3FB5297D46D000B596D0 /* Network */ = {
			isa = PBXGroup;
			children = (
				D74B3FB6297D472700B596D0 /* APIEndpoint.swift */,
			);
			path = Network;
			sourceTree = "<group>";
		};
		D74B3FB9297D758D00B596D0 /* Remote */ = {
			isa = PBXGroup;
			children = (
				D74B3FC0297D770900B596D0 /* Response */,
				D74B3FBE297D76C400B596D0 /* RemoteDataSource.swift */,
			);
			path = Remote;
			sourceTree = "<group>";
		};
		D74B3FC0297D770900B596D0 /* Response */ = {
			isa = PBXGroup;
			children = (
				D74B3FC1297D776A00B596D0 /* MealsResponse.swift */,
			);
			path = Response;
			sourceTree = "<group>";
		};
		D74B3FC3297D792200B596D0 /* Extensions */ = {
			isa = PBXGroup;
			children = (
				D74B3FC4297D795100B596D0 /* CustomError+Ext.swift */,
				D73C7C35297EB2D500EC450A /* Color+Ext.swift */,
				D7D3F0BA297EFD6700D5283F /* View+Ext.swift */,
			);
			path = Extensions;
			sourceTree = "<group>";
		};
		D74B3FC8297E25A300B596D0 /* Mapper */ = {
			isa = PBXGroup;
			children = (
				D74B3FC9297E25B300B596D0 /* MealMapper.swift */,
			);
			path = Mapper;
			sourceTree = "<group>";
		};
		D7714D73297D3EA8004594ED /* Presenter */ = {
			isa = PBXGroup;
			children = (
				D7714D6E297D3E98004594ED /* DetailPresenter.swift */,
			);
			path = Presenter;
			sourceTree = "<group>";
		};
		D7714D74297D3EB0004594ED /* View */ = {
			isa = PBXGroup;
			children = (
				D7714D6C297D3E91004594ED /* DetailView.swift */,
			);
			path = View;
			sourceTree = "<group>";
		};
		D7714D75297D3EF8004594ED /* Domain */ = {
			isa = PBXGroup;
			children = (
				D7714D78297D3F11004594ED /* Model */,
				D7714D79297D3F16004594ED /* UseCase */,
			);
			path = Domain;
			sourceTree = "<group>";
		};
		D7714D76297D3EFD004594ED /* DI */ = {
			isa = PBXGroup;
			children = (
				D74B3FC6297D7D5D00B596D0 /* Injection.swift */,
			);
			path = DI;
			sourceTree = "<group>";
		};
		D7714D77297D3F04004594ED /* Data */ = {
			isa = PBXGroup;
			children = (
				D7EFAD5B297F054700EF1E30 /* Locale */,
				D74B3FB9297D758D00B596D0 /* Remote */,
				D74B3FBA297D760400B596D0 /* MealRepository.swift */,
			);
			path = Data;
			sourceTree = "<group>";
		};
		D7714D78297D3F11004594ED /* Model */ = {
			isa = PBXGroup;
			children = (
				D74B3FBC297D765300B596D0 /* MealModel.swift */,
			);
			path = Model;
			sourceTree = "<group>";
		};
		D7714D79297D3F16004594ED /* UseCase */ = {
			isa = PBXGroup;
			children = (
				D74B3FCB297E2B2A00B596D0 /* HomeInteractor.swift */,
				D74B3FD6297E6D0300B596D0 /* DetailInteractor.swift */,
				D7EFAD6A297F171600EF1E30 /* FavoriteInteractor.swift */,
			);
			path = UseCase;
			sourceTree = "<group>";
		};
		D7935D71297CF2E500FB5AB1 = {
			isa = PBXGroup;
			children = (
				D7935D7C297CF2E500FB5AB1 /* dameal */,
				D7935D7B297CF2E500FB5AB1 /* Products */,
			);
			sourceTree = "<group>";
		};
		D7935D7B297CF2E500FB5AB1 /* Products */ = {
			isa = PBXGroup;
			children = (
				D7935D7A297CF2E500FB5AB1 /* dameal.app */,
			);
			name = Products;
			sourceTree = "<group>";
		};
		D7935D7C297CF2E500FB5AB1 /* dameal */ = {
			isa = PBXGroup;
			children = (
				D7935D8C297CF38C00FB5AB1 /* App */,
				D7935D8D297CF39200FB5AB1 /* Core */,
				D7935D8E297CF39A00FB5AB1 /* Module */,
				D7935D8B297CF37600FB5AB1 /* Supporting Files */,
				D7935D83297CF2E700FB5AB1 /* Preview Content */,
			);
			path = dameal;
			sourceTree = "<group>";
		};
		D7935D83297CF2E700FB5AB1 /* Preview Content */ = {
			isa = PBXGroup;
			children = (
				D7935D84297CF2E700FB5AB1 /* Preview Assets.xcassets */,
			);
			path = "Preview Content";
			sourceTree = "<group>";
		};
		D7935D8B297CF37600FB5AB1 /* Supporting Files */ = {
			isa = PBXGroup;
			children = (
				D7935D81297CF2E700FB5AB1 /* Assets.xcassets */,
			);
			path = "Supporting Files";
			sourceTree = "<group>";
		};
		D7935D8C297CF38C00FB5AB1 /* App */ = {
			isa = PBXGroup;
			children = (
				D7935D7D297CF2E500FB5AB1 /* DamealApp.swift */,
				D7935D7F297CF2E500FB5AB1 /* ContentView.swift */,
			);
			path = App;
			sourceTree = "<group>";
		};
		D7935D8D297CF39200FB5AB1 /* Core */ = {
			isa = PBXGroup;
			children = (
				D7714D77297D3F04004594ED /* Data */,
				D7714D76297D3EFD004594ED /* DI */,
				D7714D75297D3EF8004594ED /* Domain */,
				D72C52D1297D3917001319BB /* Utils */,
			);
			path = Core;
			sourceTree = "<group>";
		};
		D7935D8E297CF39A00FB5AB1 /* Module */ = {
			isa = PBXGroup;
			children = (
				D7935D8F297CF54800FB5AB1 /* Home */,
				D7935D90297CF58D00FB5AB1 /* Detail */,
				D7935D92297CF5B100FB5AB1 /* Favorite */,
				D7935D91297CF5A500FB5AB1 /* About */,
			);
			path = Module;
			sourceTree = "<group>";
		};
		D7935D8F297CF54800FB5AB1 /* Home */ = {
			isa = PBXGroup;
			children = (
				D72C52CC297D387D001319BB /* View */,
				D72C52CD297D388C001319BB /* Presenter */,
				D72C52CE297D3892001319BB /* Router */,
			);
			path = Home;
			sourceTree = "<group>";
		};
		D7935D90297CF58D00FB5AB1 /* Detail */ = {
			isa = PBXGroup;
			children = (
				D7714D74297D3EB0004594ED /* View */,
				D7714D73297D3EA8004594ED /* Presenter */,
			);
			path = Detail;
			sourceTree = "<group>";
		};
		D7935D91297CF5A500FB5AB1 /* About */ = {
			isa = PBXGroup;
			children = (
				D7EFAD6C297F1A4300EF1E30 /* View */,
			);
			path = About;
			sourceTree = "<group>";
		};
		D7935D92297CF5B100FB5AB1 /* Favorite */ = {
			isa = PBXGroup;
			children = (
				D7EFAD63297F169700EF1E30 /* View */,
				D7EFAD62297F169200EF1E30 /* Presenter */,
				D7EFAD61297F168B00EF1E30 /* Router */,
			);
			path = Favorite;
			sourceTree = "<group>";
		};
		D7EFAD5B297F054700EF1E30 /* Locale */ = {
			isa = PBXGroup;
			children = (
				D7EFAD5C297F055800EF1E30 /* Entity */,
				D7EFAD5F297F058B00EF1E30 /* LocaleDataSource.swift */,
			);
			path = Locale;
			sourceTree = "<group>";
		};
		D7EFAD5C297F055800EF1E30 /* Entity */ = {
			isa = PBXGroup;
			children = (
				D7EFAD5D297F056400EF1E30 /* MealEntity.swift */,
			);
			path = Entity;
			sourceTree = "<group>";
		};
		D7EFAD61297F168B00EF1E30 /* Router */ = {
			isa = PBXGroup;
			children = (
				D7EFAD68297F16C500EF1E30 /* FavoriteRouter.swift */,
			);
			path = Router;
			sourceTree = "<group>";
		};
		D7EFAD62297F169200EF1E30 /* Presenter */ = {
			isa = PBXGroup;
			children = (
				D7EFAD66297F16BE00EF1E30 /* FavoritePresenter.swift */,
			);
			path = Presenter;
			sourceTree = "<group>";
		};
		D7EFAD63297F169700EF1E30 /* View */ = {
			isa = PBXGroup;
			children = (
				D7EFAD64297F16B100EF1E30 /* FavoriteView.swift */,
			);
			path = View;
			sourceTree = "<group>";
		};
		D7EFAD6C297F1A4300EF1E30 /* View */ = {
			isa = PBXGroup;
			children = (
				D7EFAD6D297F1A4C00EF1E30 /* AboutView.swift */,
				D7EFAD6F297F1D4800EF1E30 /* LinkButton.swift */,
			);
			path = View;
			sourceTree = "<group>";
		};
/* End PBXGroup section */

/* Begin PBXNativeTarget section */
		D7935D79297CF2E500FB5AB1 /* dameal */ = {
			isa = PBXNativeTarget;
			buildConfigurationList = D7935D88297CF2E700FB5AB1 /* Build configuration list for PBXNativeTarget "dameal" */;
			buildPhases = (
				D7935D76297CF2E500FB5AB1 /* Sources */,
				D7935D77297CF2E500FB5AB1 /* Frameworks */,
				D7935D78297CF2E500FB5AB1 /* Resources */,
				D7714D65297D39FD004594ED /* ShellScript */,
			);
			buildRules = (
			);
			dependencies = (
			);
			name = dameal;
			packageProductDependencies = (
				D74B3FAB297D44CE00B596D0 /* Alamofire */,
				D74B3FAE297D461E00B596D0 /* Realm */,
				D74B3FB0297D461E00B596D0 /* RealmSwift */,
				D74B3FB3297D468700B596D0 /* SDWebImageSwiftUI */,
				D74B3FCE297E2F8300B596D0 /* Swinject */,
			);
			productName = dameal;
			productReference = D7935D7A297CF2E500FB5AB1 /* dameal.app */;
			productType = "com.apple.product-type.application";
		};
/* End PBXNativeTarget section */

/* Begin PBXProject section */
		D7935D72297CF2E500FB5AB1 /* Project object */ = {
			isa = PBXProject;
			attributes = {
				BuildIndependentTargetsInParallel = 1;
				LastSwiftUpdateCheck = 1420;
				LastUpgradeCheck = 1420;
				TargetAttributes = {
					D7935D79297CF2E500FB5AB1 = {
						CreatedOnToolsVersion = 14.2;
					};
				};
			};
			buildConfigurationList = D7935D75297CF2E500FB5AB1 /* Build configuration list for PBXProject "dameal" */;
			compatibilityVersion = "Xcode 14.0";
			developmentRegion = en;
			hasScannedForEncodings = 0;
			knownRegions = (
				en,
				Base,
			);
			mainGroup = D7935D71297CF2E500FB5AB1;
			packageReferences = (
				D74B3FAA297D44CE00B596D0 /* XCRemoteSwiftPackageReference "Alamofire" */,
				D74B3FAD297D461E00B596D0 /* XCRemoteSwiftPackageReference "realm-cocoa" */,
				D74B3FB2297D468700B596D0 /* XCRemoteSwiftPackageReference "SDWebImageSwiftUI" */,
				D74B3FCD297E2F8300B596D0 /* XCRemoteSwiftPackageReference "Swinject" */,
			);
			productRefGroup = D7935D7B297CF2E500FB5AB1 /* Products */;
			projectDirPath = "";
			projectRoot = "";
			targets = (
				D7935D79297CF2E500FB5AB1 /* dameal */,
			);
		};
/* End PBXProject section */

/* Begin PBXResourcesBuildPhase section */
		D7935D78297CF2E500FB5AB1 /* Resources */ = {
			isa = PBXResourcesBuildPhase;
			buildActionMask = 2147483647;
			files = (
				D7935D85297CF2E700FB5AB1 /* Preview Assets.xcassets in Resources */,
				D7935D82297CF2E700FB5AB1 /* Assets.xcassets in Resources */,
			);
			runOnlyForDeploymentPostprocessing = 0;
		};
/* End PBXResourcesBuildPhase section */

/* Begin PBXShellScriptBuildPhase section */
		D7714D65297D39FD004594ED /* ShellScript */ = {
			isa = PBXShellScriptBuildPhase;
			buildActionMask = 2147483647;
			files = (
			);
			inputFileListPaths = (
			);
			inputPaths = (
			);
			outputFileListPaths = (
			);
			outputPaths = (
			);
			runOnlyForDeploymentPostprocessing = 0;
			shellPath = /bin/sh;
			shellScript = "if which swiftlint >/dev/null; then\n  swiftlint --fix\nelse\n  echo \"warning: SwiftLint not installed, download from https://github.com/realm/SwiftLint\"\nfi\n";
		};
/* End PBXShellScriptBuildPhase section */

/* Begin PBXSourcesBuildPhase section */
		D7935D76297CF2E500FB5AB1 /* Sources */ = {
			isa = PBXSourcesBuildPhase;
			buildActionMask = 2147483647;
			files = (
				D7EFAD6E297F1A4C00EF1E30 /* AboutView.swift in Sources */,
				D72C52D0297D390B001319BB /* HomeView.swift in Sources */,
				D74B3FCC297E2B2A00B596D0 /* HomeInteractor.swift in Sources */,
				D74B3FC5297D795100B596D0 /* CustomError+Ext.swift in Sources */,
				D7714D6D297D3E91004594ED /* DetailView.swift in Sources */,
				D7714D6F297D3E98004594ED /* DetailPresenter.swift in Sources */,
				D74B3FB7297D472700B596D0 /* APIEndpoint.swift in Sources */,
				D7714D67297D3D1F004594ED /* ActivityIndicator.swift in Sources */,
				D7D3F0BB297EFD6700D5283F /* View+Ext.swift in Sources */,
				D7EFAD70297F1D4800EF1E30 /* LinkButton.swift in Sources */,
				D7714D6B297D3E82004594ED /* HomeRouter.swift in Sources */,
				D7EFAD5E297F056400EF1E30 /* MealEntity.swift in Sources */,
				D74B3FCA297E25B300B596D0 /* MealMapper.swift in Sources */,
				D7EFAD60297F058B00EF1E30 /* LocaleDataSource.swift in Sources */,
				D7935D80297CF2E500FB5AB1 /* ContentView.swift in Sources */,
				D73C7C38297EBC6B00EC450A /* AppBackground.swift in Sources */,
				D74B3FC2297D776A00B596D0 /* MealsResponse.swift in Sources */,
				D7EFAD65297F16B100EF1E30 /* FavoriteView.swift in Sources */,
				D74B3FBF297D76C400B596D0 /* RemoteDataSource.swift in Sources */,
				D7714D69297D3E48004594ED /* HomePresenter.swift in Sources */,
				D74B3FBD297D765300B596D0 /* MealModel.swift in Sources */,
				D7EFAD69297F16C500EF1E30 /* FavoriteRouter.swift in Sources */,
				D72C52D4297D395D001319BB /* TabItem.swift in Sources */,
				D74B3FBB297D760400B596D0 /* MealRepository.swift in Sources */,
				D74B3FD1297E3DB700B596D0 /* CustomEmptyView.swift in Sources */,
				D7EFAD67297F16BE00EF1E30 /* FavoritePresenter.swift in Sources */,
				D7EFAD6B297F171600EF1E30 /* FavoriteInteractor.swift in Sources */,
				D74B3FD3297E3E4A00B596D0 /* MealRow.swift in Sources */,
				D73C7C36297EB2D500EC450A /* Color+Ext.swift in Sources */,
				D74B3FD7297E6D0300B596D0 /* DetailInteractor.swift in Sources */,
				D74B3FC7297D7D5D00B596D0 /* Injection.swift in Sources */,
				D7935D7E297CF2E500FB5AB1 /* DamealApp.swift in Sources */,
			);
			runOnlyForDeploymentPostprocessing = 0;
		};
/* End PBXSourcesBuildPhase section */

/* Begin XCBuildConfiguration section */
		D7935D86297CF2E700FB5AB1 /* Debug */ = {
			isa = XCBuildConfiguration;
			buildSettings = {
				ALWAYS_SEARCH_USER_PATHS = NO;
				CLANG_ANALYZER_NONNULL = YES;
				CLANG_ANALYZER_NUMBER_OBJECT_CONVERSION = YES_AGGRESSIVE;
				CLANG_CXX_LANGUAGE_STANDARD = "gnu++20";
				CLANG_ENABLE_MODULES = YES;
				CLANG_ENABLE_OBJC_ARC = YES;
				CLANG_ENABLE_OBJC_WEAK = YES;
				CLANG_WARN_BLOCK_CAPTURE_AUTORELEASING = YES;
				CLANG_WARN_BOOL_CONVERSION = YES;
				CLANG_WARN_COMMA = YES;
				CLANG_WARN_CONSTANT_CONVERSION = YES;
				CLANG_WARN_DEPRECATED_OBJC_IMPLEMENTATIONS = YES;
				CLANG_WARN_DIRECT_OBJC_ISA_USAGE = YES_ERROR;
				CLANG_WARN_DOCUMENTATION_COMMENTS = YES;
				CLANG_WARN_EMPTY_BODY = YES;
				CLANG_WARN_ENUM_CONVERSION = YES;
				CLANG_WARN_INFINITE_RECURSION = YES;
				CLANG_WARN_INT_CONVERSION = YES;
				CLANG_WARN_NON_LITERAL_NULL_CONVERSION = YES;
				CLANG_WARN_OBJC_IMPLICIT_RETAIN_SELF = YES;
				CLANG_WARN_OBJC_LITERAL_CONVERSION = YES;
				CLANG_WARN_OBJC_ROOT_CLASS = YES_ERROR;
				CLANG_WARN_QUOTED_INCLUDE_IN_FRAMEWORK_HEADER = YES;
				CLANG_WARN_RANGE_LOOP_ANALYSIS = YES;
				CLANG_WARN_STRICT_PROTOTYPES = YES;
				CLANG_WARN_SUSPICIOUS_MOVE = YES;
				CLANG_WARN_UNGUARDED_AVAILABILITY = YES_AGGRESSIVE;
				CLANG_WARN_UNREACHABLE_CODE = YES;
				CLANG_WARN__DUPLICATE_METHOD_MATCH = YES;
				COPY_PHASE_STRIP = NO;
				DEBUG_INFORMATION_FORMAT = dwarf;
				ENABLE_STRICT_OBJC_MSGSEND = YES;
				ENABLE_TESTABILITY = YES;
				GCC_C_LANGUAGE_STANDARD = gnu11;
				GCC_DYNAMIC_NO_PIC = NO;
				GCC_NO_COMMON_BLOCKS = YES;
				GCC_OPTIMIZATION_LEVEL = 0;
				GCC_PREPROCESSOR_DEFINITIONS = (
					"DEBUG=1",
					"$(inherited)",
				);
				GCC_WARN_64_TO_32_BIT_CONVERSION = YES;
				GCC_WARN_ABOUT_RETURN_TYPE = YES_ERROR;
				GCC_WARN_UNDECLARED_SELECTOR = YES;
				GCC_WARN_UNINITIALIZED_AUTOS = YES_AGGRESSIVE;
				GCC_WARN_UNUSED_FUNCTION = YES;
				GCC_WARN_UNUSED_VARIABLE = YES;
				IPHONEOS_DEPLOYMENT_TARGET = 16.2;
				MTL_ENABLE_DEBUG_INFO = INCLUDE_SOURCE;
				MTL_FAST_MATH = YES;
				ONLY_ACTIVE_ARCH = YES;
				SDKROOT = iphoneos;
				SWIFT_ACTIVE_COMPILATION_CONDITIONS = DEBUG;
				SWIFT_OPTIMIZATION_LEVEL = "-Onone";
			};
			name = Debug;
		};
		D7935D87297CF2E700FB5AB1 /* Release */ = {
			isa = XCBuildConfiguration;
			buildSettings = {
				ALWAYS_SEARCH_USER_PATHS = NO;
				CLANG_ANALYZER_NONNULL = YES;
				CLANG_ANALYZER_NUMBER_OBJECT_CONVERSION = YES_AGGRESSIVE;
				CLANG_CXX_LANGUAGE_STANDARD = "gnu++20";
				CLANG_ENABLE_MODULES = YES;
				CLANG_ENABLE_OBJC_ARC = YES;
				CLANG_ENABLE_OBJC_WEAK = YES;
				CLANG_WARN_BLOCK_CAPTURE_AUTORELEASING = YES;
				CLANG_WARN_BOOL_CONVERSION = YES;
				CLANG_WARN_COMMA = YES;
				CLANG_WARN_CONSTANT_CONVERSION = YES;
				CLANG_WARN_DEPRECATED_OBJC_IMPLEMENTATIONS = YES;
				CLANG_WARN_DIRECT_OBJC_ISA_USAGE = YES_ERROR;
				CLANG_WARN_DOCUMENTATION_COMMENTS = YES;
				CLANG_WARN_EMPTY_BODY = YES;
				CLANG_WARN_ENUM_CONVERSION = YES;
				CLANG_WARN_INFINITE_RECURSION = YES;
				CLANG_WARN_INT_CONVERSION = YES;
				CLANG_WARN_NON_LITERAL_NULL_CONVERSION = YES;
				CLANG_WARN_OBJC_IMPLICIT_RETAIN_SELF = YES;
				CLANG_WARN_OBJC_LITERAL_CONVERSION = YES;
				CLANG_WARN_OBJC_ROOT_CLASS = YES_ERROR;
				CLANG_WARN_QUOTED_INCLUDE_IN_FRAMEWORK_HEADER = YES;
				CLANG_WARN_RANGE_LOOP_ANALYSIS = YES;
				CLANG_WARN_STRICT_PROTOTYPES = YES;
				CLANG_WARN_SUSPICIOUS_MOVE = YES;
				CLANG_WARN_UNGUARDED_AVAILABILITY = YES_AGGRESSIVE;
				CLANG_WARN_UNREACHABLE_CODE = YES;
				CLANG_WARN__DUPLICATE_METHOD_MATCH = YES;
				COPY_PHASE_STRIP = NO;
				DEBUG_INFORMATION_FORMAT = "dwarf-with-dsym";
				ENABLE_NS_ASSERTIONS = NO;
				ENABLE_STRICT_OBJC_MSGSEND = YES;
				GCC_C_LANGUAGE_STANDARD = gnu11;
				GCC_NO_COMMON_BLOCKS = YES;
				GCC_WARN_64_TO_32_BIT_CONVERSION = YES;
				GCC_WARN_ABOUT_RETURN_TYPE = YES_ERROR;
				GCC_WARN_UNDECLARED_SELECTOR = YES;
				GCC_WARN_UNINITIALIZED_AUTOS = YES_AGGRESSIVE;
				GCC_WARN_UNUSED_FUNCTION = YES;
				GCC_WARN_UNUSED_VARIABLE = YES;
				IPHONEOS_DEPLOYMENT_TARGET = 16.2;
				MTL_ENABLE_DEBUG_INFO = NO;
				MTL_FAST_MATH = YES;
				SDKROOT = iphoneos;
				SWIFT_COMPILATION_MODE = wholemodule;
				SWIFT_OPTIMIZATION_LEVEL = "-O";
				VALIDATE_PRODUCT = YES;
			};
			name = Release;
		};
		D7935D89297CF2E700FB5AB1 /* Debug */ = {
			isa = XCBuildConfiguration;
			buildSettings = {
				ASSETCATALOG_COMPILER_APPICON_NAME = AppIcon;
				ASSETCATALOG_COMPILER_GLOBAL_ACCENT_COLOR_NAME = AccentColor;
				CODE_SIGN_STYLE = Automatic;
				CURRENT_PROJECT_VERSION = 1;
				DEVELOPMENT_ASSET_PATHS = "\"dameal/Preview Content\"";
				DEVELOPMENT_TEAM = SNDZ43L8ZN;
				ENABLE_PREVIEWS = YES;
				GENERATE_INFOPLIST_FILE = YES;
				INFOPLIST_KEY_CFBundleDisplayName = Dameal;
				INFOPLIST_KEY_UIApplicationSceneManifest_Generation = YES;
				INFOPLIST_KEY_UIApplicationSupportsIndirectInputEvents = YES;
				INFOPLIST_KEY_UILaunchScreen_Generation = YES;
				INFOPLIST_KEY_UISupportedInterfaceOrientations = UIInterfaceOrientationPortrait;
				IPHONEOS_DEPLOYMENT_TARGET = 14.0;
				LD_RUNPATH_SEARCH_PATHS = (
					"$(inherited)",
					"@executable_path/Frameworks",
				);
				MARKETING_VERSION = 1.0;
				PRODUCT_BUNDLE_IDENTIFIER = com.vynncode.dameal;
				PRODUCT_NAME = "$(TARGET_NAME)";
				SWIFT_EMIT_LOC_STRINGS = YES;
				SWIFT_VERSION = 5.0;
				TARGETED_DEVICE_FAMILY = "1,2";
			};
			name = Debug;
		};
		D7935D8A297CF2E700FB5AB1 /* Release */ = {
			isa = XCBuildConfiguration;
			buildSettings = {
				ASSETCATALOG_COMPILER_APPICON_NAME = AppIcon;
				ASSETCATALOG_COMPILER_GLOBAL_ACCENT_COLOR_NAME = AccentColor;
				CODE_SIGN_STYLE = Automatic;
				CURRENT_PROJECT_VERSION = 1;
				DEVELOPMENT_ASSET_PATHS = "\"dameal/Preview Content\"";
				DEVELOPMENT_TEAM = SNDZ43L8ZN;
				ENABLE_PREVIEWS = YES;
				GENERATE_INFOPLIST_FILE = YES;
				INFOPLIST_KEY_CFBundleDisplayName = Dameal;
				INFOPLIST_KEY_UIApplicationSceneManifest_Generation = YES;
				INFOPLIST_KEY_UIApplicationSupportsIndirectInputEvents = YES;
				INFOPLIST_KEY_UILaunchScreen_Generation = YES;
				INFOPLIST_KEY_UISupportedInterfaceOrientations = UIInterfaceOrientationPortrait;
				IPHONEOS_DEPLOYMENT_TARGET = 14.0;
				LD_RUNPATH_SEARCH_PATHS = (
					"$(inherited)",
					"@executable_path/Frameworks",
				);
				MARKETING_VERSION = 1.0;
				PRODUCT_BUNDLE_IDENTIFIER = com.vynncode.dameal;
				PRODUCT_NAME = "$(TARGET_NAME)";
				SWIFT_EMIT_LOC_STRINGS = YES;
				SWIFT_VERSION = 5.0;
				TARGETED_DEVICE_FAMILY = "1,2";
			};
			name = Release;
		};
/* End XCBuildConfiguration section */

/* Begin XCConfigurationList section */
		D7935D75297CF2E500FB5AB1 /* Build configuration list for PBXProject "dameal" */ = {
			isa = XCConfigurationList;
			buildConfigurations = (
				D7935D86297CF2E700FB5AB1 /* Debug */,
				D7935D87297CF2E700FB5AB1 /* Release */,
			);
			defaultConfigurationIsVisible = 0;
			defaultConfigurationName = Release;
		};
		D7935D88297CF2E700FB5AB1 /* Build configuration list for PBXNativeTarget "dameal" */ = {
			isa = XCConfigurationList;
			buildConfigurations = (
				D7935D89297CF2E700FB5AB1 /* Debug */,
				D7935D8A297CF2E700FB5AB1 /* Release */,
			);
			defaultConfigurationIsVisible = 0;
			defaultConfigurationName = Release;
		};
/* End XCConfigurationList section */

/* Begin XCRemoteSwiftPackageReference section */
		D74B3FAA297D44CE00B596D0 /* XCRemoteSwiftPackageReference "Alamofire" */ = {
			isa = XCRemoteSwiftPackageReference;
			repositoryURL = "https://github.com/Alamofire/Alamofire";
			requirement = {
				kind = upToNextMajorVersion;
				minimumVersion = 5.2.2;
			};
		};
		D74B3FAD297D461E00B596D0 /* XCRemoteSwiftPackageReference "realm-cocoa" */ = {
			isa = XCRemoteSwiftPackageReference;
			repositoryURL = "https://github.com/realm/realm-cocoa";
			requirement = {
				branch = master;
				kind = branch;
			};
		};
		D74B3FB2297D468700B596D0 /* XCRemoteSwiftPackageReference "SDWebImageSwiftUI" */ = {
			isa = XCRemoteSwiftPackageReference;
			repositoryURL = "https://github.com/SDWebImage/SDWebImageSwiftUI";
			requirement = {
				kind = upToNextMajorVersion;
				minimumVersion = 2.0.0;
			};
		};
		D74B3FCD297E2F8300B596D0 /* XCRemoteSwiftPackageReference "Swinject" */ = {
			isa = XCRemoteSwiftPackageReference;
			repositoryURL = "https://github.com/Swinject/Swinject";
			requirement = {
				kind = upToNextMajorVersion;
				minimumVersion = 2.0.0;
			};
		};
/* End XCRemoteSwiftPackageReference section */

/* Begin XCSwiftPackageProductDependency section */
		D74B3FAB297D44CE00B596D0 /* Alamofire */ = {
			isa = XCSwiftPackageProductDependency;
			package = D74B3FAA297D44CE00B596D0 /* XCRemoteSwiftPackageReference "Alamofire" */;
			productName = Alamofire;
		};
		D74B3FAE297D461E00B596D0 /* Realm */ = {
			isa = XCSwiftPackageProductDependency;
			package = D74B3FAD297D461E00B596D0 /* XCRemoteSwiftPackageReference "realm-cocoa" */;
			productName = Realm;
		};
		D74B3FB0297D461E00B596D0 /* RealmSwift */ = {
			isa = XCSwiftPackageProductDependency;
			package = D74B3FAD297D461E00B596D0 /* XCRemoteSwiftPackageReference "realm-cocoa" */;
			productName = RealmSwift;
		};
		D74B3FB3297D468700B596D0 /* SDWebImageSwiftUI */ = {
			isa = XCSwiftPackageProductDependency;
			package = D74B3FB2297D468700B596D0 /* XCRemoteSwiftPackageReference "SDWebImageSwiftUI" */;
			productName = SDWebImageSwiftUI;
		};
		D74B3FCE297E2F8300B596D0 /* Swinject */ = {
			isa = XCSwiftPackageProductDependency;
			package = D74B3FCD297E2F8300B596D0 /* XCRemoteSwiftPackageReference "Swinject" */;
			productName = Swinject;
		};
/* End XCSwiftPackageProductDependency section */
	};
	rootObject = D7935D72297CF2E500FB5AB1 /* Project object */;
}
