// !$*UTF8*$!
{
	archiveVersion = 1;
	classes = {
	};
	objectVersion = 56;
	objects = {

/* Begin PBXBuildFile section */
		B21F09E2FCB10A9D37C70CDE /* Pods_dameal.framework in Frameworks */ = {isa = PBXBuildFile; fileRef = 6D27165C8BFDE019C35F8691 /* Pods_dameal.framework */; };
		D74B3FAC297D44CE00B596D0 /* Alamofire in Frameworks */ = {isa = PBXBuildFile; productRef = D74B3FAB297D44CE00B596D0 /* Alamofire */; };
		D74B3FAF297D461E00B596D0 /* Realm in Frameworks */ = {isa = PBXBuildFile; productRef = D74B3FAE297D461E00B596D0 /* Realm */; };
		D74B3FB1297D461E00B596D0 /* RealmSwift in Frameworks */ = {isa = PBXBuildFile; productRef = D74B3FB0297D461E00B596D0 /* RealmSwift */; };
		D74B3FB4297D468700B596D0 /* SDWebImageSwiftUI in Frameworks */ = {isa = PBXBuildFile; productRef = D74B3FB3297D468700B596D0 /* SDWebImageSwiftUI */; };
		D74B3FCF297E2F8300B596D0 /* Swinject in Frameworks */ = {isa = PBXBuildFile; productRef = D74B3FCE297E2F8300B596D0 /* Swinject */; };
		D7935D7E297CF2E500FB5AB1 /* DamealApp.swift in Sources */ = {isa = PBXBuildFile; fileRef = D7935D7D297CF2E500FB5AB1 /* DamealApp.swift */; };
		D7935D80297CF2E500FB5AB1 /* ContentView.swift in Sources */ = {isa = PBXBuildFile; fileRef = D7935D7F297CF2E500FB5AB1 /* ContentView.swift */; };
		D7935D82297CF2E700FB5AB1 /* Assets.xcassets in Resources */ = {isa = PBXBuildFile; fileRef = D7935D81297CF2E700FB5AB1 /* Assets.xcassets */; };
		D7935D85297CF2E700FB5AB1 /* Preview Assets.xcassets in Resources */ = {isa = PBXBuildFile; fileRef = D7935D84297CF2E700FB5AB1 /* Preview Assets.xcassets */; };
		D7D77EAE29812DB000437C5D /* damealTests.swift in Sources */ = {isa = PBXBuildFile; fileRef = D7D77EAD29812DB000437C5D /* damealTests.swift */; };
		D7EFAD65297F16B100EF1E30 /* FavoriteView.swift in Sources */ = {isa = PBXBuildFile; fileRef = D7EFAD64297F16B100EF1E30 /* FavoriteView.swift */; };
		D7EFAD67297F16BE00EF1E30 /* FavoritePresenter.swift in Sources */ = {isa = PBXBuildFile; fileRef = D7EFAD66297F16BE00EF1E30 /* FavoritePresenter.swift */; };
		D7EFAD69297F16C500EF1E30 /* FavoriteRouter.swift in Sources */ = {isa = PBXBuildFile; fileRef = D7EFAD68297F16C500EF1E30 /* FavoriteRouter.swift */; };
		E77DB2AA6C66A971B3B33B31 /* libPods-damealTests.a in Frameworks */ = {isa = PBXBuildFile; fileRef = 3A4141636EA6314BA70E32A3 /* libPods-damealTests.a */; };
/* End PBXBuildFile section */

/* Begin PBXContainerItemProxy section */
		D7D77EAF29812DB000437C5D /* PBXContainerItemProxy */ = {
			isa = PBXContainerItemProxy;
			containerPortal = D7935D72297CF2E500FB5AB1 /* Project object */;
			proxyType = 1;
			remoteGlobalIDString = D7935D79297CF2E500FB5AB1;
			remoteInfo = dameal;
		};
/* End PBXContainerItemProxy section */

/* Begin PBXFileReference section */
		179C5FEF9A2EE89BB1AEA90A /* Pods-dameal.release.xcconfig */ = {isa = PBXFileReference; includeInIndex = 1; lastKnownFileType = text.xcconfig; name = "Pods-dameal.release.xcconfig"; path = "Target Support Files/Pods-dameal/Pods-dameal.release.xcconfig"; sourceTree = "<group>"; };
		3A4141636EA6314BA70E32A3 /* libPods-damealTests.a */ = {isa = PBXFileReference; explicitFileType = archive.ar; includeInIndex = 0; path = "libPods-damealTests.a"; sourceTree = BUILT_PRODUCTS_DIR; };
		6D27165C8BFDE019C35F8691 /* Pods_dameal.framework */ = {isa = PBXFileReference; explicitFileType = wrapper.framework; includeInIndex = 0; path = Pods_dameal.framework; sourceTree = BUILT_PRODUCTS_DIR; };
		8732449787A288B9ABFE95F3 /* Pods-damealTests.debug.xcconfig */ = {isa = PBXFileReference; includeInIndex = 1; lastKnownFileType = text.xcconfig; name = "Pods-damealTests.debug.xcconfig"; path = "Target Support Files/Pods-damealTests/Pods-damealTests.debug.xcconfig"; sourceTree = "<group>"; };
		9F5879751A6274CDFAB4BA19 /* Pods-dameal.debug.xcconfig */ = {isa = PBXFileReference; includeInIndex = 1; lastKnownFileType = text.xcconfig; name = "Pods-dameal.debug.xcconfig"; path = "Target Support Files/Pods-dameal/Pods-dameal.debug.xcconfig"; sourceTree = "<group>"; };
		D7935D7A297CF2E500FB5AB1 /* dameal.app */ = {isa = PBXFileReference; explicitFileType = wrapper.application; includeInIndex = 0; path = dameal.app; sourceTree = BUILT_PRODUCTS_DIR; };
		D7935D7D297CF2E500FB5AB1 /* DamealApp.swift */ = {isa = PBXFileReference; lastKnownFileType = sourcecode.swift; path = DamealApp.swift; sourceTree = "<group>"; };
		D7935D7F297CF2E500FB5AB1 /* ContentView.swift */ = {isa = PBXFileReference; lastKnownFileType = sourcecode.swift; path = ContentView.swift; sourceTree = "<group>"; };
		D7935D81297CF2E700FB5AB1 /* Assets.xcassets */ = {isa = PBXFileReference; lastKnownFileType = folder.assetcatalog; path = Assets.xcassets; sourceTree = "<group>"; };
		D7935D84297CF2E700FB5AB1 /* Preview Assets.xcassets */ = {isa = PBXFileReference; lastKnownFileType = folder.assetcatalog; path = "Preview Assets.xcassets"; sourceTree = "<group>"; };
		D7D77EAB29812DB000437C5D /* damealTests.xctest */ = {isa = PBXFileReference; explicitFileType = wrapper.cfbundle; includeInIndex = 0; path = damealTests.xctest; sourceTree = BUILT_PRODUCTS_DIR; };
		D7D77EAD29812DB000437C5D /* damealTests.swift */ = {isa = PBXFileReference; lastKnownFileType = sourcecode.swift; path = damealTests.swift; sourceTree = "<group>"; };
		D7EFAD64297F16B100EF1E30 /* FavoriteView.swift */ = {isa = PBXFileReference; lastKnownFileType = sourcecode.swift; path = FavoriteView.swift; sourceTree = "<group>"; };
		D7EFAD66297F16BE00EF1E30 /* FavoritePresenter.swift */ = {isa = PBXFileReference; lastKnownFileType = sourcecode.swift; path = FavoritePresenter.swift; sourceTree = "<group>"; };
		D7EFAD68297F16C500EF1E30 /* FavoriteRouter.swift */ = {isa = PBXFileReference; lastKnownFileType = sourcecode.swift; path = FavoriteRouter.swift; sourceTree = "<group>"; };
		F2F079E24D2773FA86598125 /* Pods-damealTests.release.xcconfig */ = {isa = PBXFileReference; includeInIndex = 1; lastKnownFileType = text.xcconfig; name = "Pods-damealTests.release.xcconfig"; path = "Target Support Files/Pods-damealTests/Pods-damealTests.release.xcconfig"; sourceTree = "<group>"; };
/* End PBXFileReference section */

/* Begin PBXFrameworksBuildPhase section */
		D7935D77297CF2E500FB5AB1 /* Frameworks */ = {
			isa = PBXFrameworksBuildPhase;
			buildActionMask = 2147483647;
			files = (
				D74B3FB4297D468700B596D0 /* SDWebImageSwiftUI in Frameworks */,
				D74B3FCF297E2F8300B596D0 /* Swinject in Frameworks */,
				D74B3FB1297D461E00B596D0 /* RealmSwift in Frameworks */,
				D74B3FAF297D461E00B596D0 /* Realm in Frameworks */,
				D74B3FAC297D44CE00B596D0 /* Alamofire in Frameworks */,
				B21F09E2FCB10A9D37C70CDE /* Pods_dameal.framework in Frameworks */,
			);
			runOnlyForDeploymentPostprocessing = 0;
		};
		D7D77EA829812DB000437C5D /* Frameworks */ = {
			isa = PBXFrameworksBuildPhase;
			buildActionMask = 2147483647;
			files = (
				E77DB2AA6C66A971B3B33B31 /* libPods-damealTests.a in Frameworks */,
			);
			runOnlyForDeploymentPostprocessing = 0;
		};
/* End PBXFrameworksBuildPhase section */

/* Begin PBXGroup section */
		A369AB0CCB89E50C634D4D92 /* Pods */ = {
			isa = PBXGroup;
			children = (
				9F5879751A6274CDFAB4BA19 /* Pods-dameal.debug.xcconfig */,
				179C5FEF9A2EE89BB1AEA90A /* Pods-dameal.release.xcconfig */,
				8732449787A288B9ABFE95F3 /* Pods-damealTests.debug.xcconfig */,
				F2F079E24D2773FA86598125 /* Pods-damealTests.release.xcconfig */,
			);
			path = Pods;
			sourceTree = "<group>";
		};
		A7672234E0DFB11C2920D828 /* Frameworks */ = {
			isa = PBXGroup;
			children = (
				6D27165C8BFDE019C35F8691 /* Pods_dameal.framework */,
				3A4141636EA6314BA70E32A3 /* libPods-damealTests.a */,
			);
			name = Frameworks;
			sourceTree = "<group>";
		};
		D7935D71297CF2E500FB5AB1 = {
			isa = PBXGroup;
			children = (
				D7935D7C297CF2E500FB5AB1 /* dameal */,
				D7D77EAC29812DB000437C5D /* damealTests */,
				D7935D7B297CF2E500FB5AB1 /* Products */,
				A369AB0CCB89E50C634D4D92 /* Pods */,
				A7672234E0DFB11C2920D828 /* Frameworks */,
			);
			sourceTree = "<group>";
		};
		D7935D7B297CF2E500FB5AB1 /* Products */ = {
			isa = PBXGroup;
			children = (
				D7935D7A297CF2E500FB5AB1 /* dameal.app */,
				D7D77EAB29812DB000437C5D /* damealTests.xctest */,
			);
			name = Products;
			sourceTree = "<group>";
		};
		D7935D7C297CF2E500FB5AB1 /* dameal */ = {
			isa = PBXGroup;
			children = (
				D7935D8C297CF38C00FB5AB1 /* App */,
				D7935D8E297CF39A00FB5AB1 /* Module */,
				D7935D8B297CF37600FB5AB1 /* Supporting Files */,
				D7935D83297CF2E700FB5AB1 /* Preview Content */,
			);
			path = dameal;
			sourceTree = "<group>";
		};
		D7935D83297CF2E700FB5AB1 /* Preview Content */ = {
			isa = PBXGroup;
			children = (
				D7935D84297CF2E700FB5AB1 /* Preview Assets.xcassets */,
			);
			path = "Preview Content";
			sourceTree = "<group>";
		};
		D7935D8B297CF37600FB5AB1 /* Supporting Files */ = {
			isa = PBXGroup;
			children = (
				D7935D81297CF2E700FB5AB1 /* Assets.xcassets */,
			);
			path = "Supporting Files";
			sourceTree = "<group>";
		};
		D7935D8C297CF38C00FB5AB1 /* App */ = {
			isa = PBXGroup;
			children = (
				D7935D7D297CF2E500FB5AB1 /* DamealApp.swift */,
				D7935D7F297CF2E500FB5AB1 /* ContentView.swift */,
			);
			path = App;
			sourceTree = "<group>";
		};
		D7935D8E297CF39A00FB5AB1 /* Module */ = {
			isa = PBXGroup;
			children = (
				D7935D92297CF5B100FB5AB1 /* Favorite */,
			);
			path = Module;
			sourceTree = "<group>";
		};
		D7935D92297CF5B100FB5AB1 /* Favorite */ = {
			isa = PBXGroup;
			children = (
				D7EFAD63297F169700EF1E30 /* View */,
				D7EFAD62297F169200EF1E30 /* Presenter */,
				D7EFAD61297F168B00EF1E30 /* Router */,
			);
			path = Favorite;
			sourceTree = "<group>";
		};
		D7D77EAC29812DB000437C5D /* damealTests */ = {
			isa = PBXGroup;
			children = (
				D7D77EAD29812DB000437C5D /* damealTests.swift */,
			);
			path = damealTests;
			sourceTree = "<group>";
		};
		D7EFAD61297F168B00EF1E30 /* Router */ = {
			isa = PBXGroup;
			children = (
				D7EFAD68297F16C500EF1E30 /* FavoriteRouter.swift */,
			);
			path = Router;
			sourceTree = "<group>";
		};
		D7EFAD62297F169200EF1E30 /* Presenter */ = {
			isa = PBXGroup;
			children = (
				D7EFAD66297F16BE00EF1E30 /* FavoritePresenter.swift */,
			);
			path = Presenter;
			sourceTree = "<group>";
		};
		D7EFAD63297F169700EF1E30 /* View */ = {
			isa = PBXGroup;
			children = (
				D7EFAD64297F16B100EF1E30 /* FavoriteView.swift */,
			);
			path = View;
			sourceTree = "<group>";
		};
/* End PBXGroup section */

/* Begin PBXNativeTarget section */
		D7935D79297CF2E500FB5AB1 /* dameal */ = {
			isa = PBXNativeTarget;
			buildConfigurationList = D7935D88297CF2E700FB5AB1 /* Build configuration list for PBXNativeTarget "dameal" */;
			buildPhases = (
				913C66AE3E328FC82E380CF7 /* [CP] Check Pods Manifest.lock */,
				D7935D76297CF2E500FB5AB1 /* Sources */,
				D7935D77297CF2E500FB5AB1 /* Frameworks */,
				D7935D78297CF2E500FB5AB1 /* Resources */,
				D7714D65297D39FD004594ED /* ShellScript */,
				0AC8B331A50E418CC9C28D23 /* [CP] Embed Pods Frameworks */,
			);
			buildRules = (
			);
			dependencies = (
			);
			name = dameal;
			packageProductDependencies = (
				D74B3FAB297D44CE00B596D0 /* Alamofire */,
				D74B3FAE297D461E00B596D0 /* Realm */,
				D74B3FB0297D461E00B596D0 /* RealmSwift */,
				D74B3FB3297D468700B596D0 /* SDWebImageSwiftUI */,
				D74B3FCE297E2F8300B596D0 /* Swinject */,
			);
			productName = dameal;
			productReference = D7935D7A297CF2E500FB5AB1 /* dameal.app */;
			productType = "com.apple.product-type.application";
		};
		D7D77EAA29812DB000437C5D /* damealTests */ = {
			isa = PBXNativeTarget;
			buildConfigurationList = D7D77EB329812DB000437C5D /* Build configuration list for PBXNativeTarget "damealTests" */;
			buildPhases = (
				06C8F705F8771E2CFAE0391F /* [CP] Check Pods Manifest.lock */,
				D7D77EA729812DB000437C5D /* Sources */,
				D7D77EA829812DB000437C5D /* Frameworks */,
				D7D77EA929812DB000437C5D /* Resources */,
			);
			buildRules = (
			);
			dependencies = (
				D7D77EB029812DB000437C5D /* PBXTargetDependency */,
			);
			name = damealTests;
			productName = damealTests;
			productReference = D7D77EAB29812DB000437C5D /* damealTests.xctest */;
			productType = "com.apple.product-type.bundle.unit-test";
		};
/* End PBXNativeTarget section */

/* Begin PBXProject section */
		D7935D72297CF2E500FB5AB1 /* Project object */ = {
			isa = PBXProject;
			attributes = {
				BuildIndependentTargetsInParallel = 1;
				LastSwiftUpdateCheck = 1420;
				LastUpgradeCheck = 1420;
				TargetAttributes = {
					D7935D79297CF2E500FB5AB1 = {
						CreatedOnToolsVersion = 14.2;
					};
					D7D77EAA29812DB000437C5D = {
						CreatedOnToolsVersion = 14.2;
						TestTargetID = D7935D79297CF2E500FB5AB1;
					};
				};
			};
			buildConfigurationList = D7935D75297CF2E500FB5AB1 /* Build configuration list for PBXProject "dameal" */;
			compatibilityVersion = "Xcode 14.0";
			developmentRegion = en;
			hasScannedForEncodings = 0;
			knownRegions = (
				en,
				Base,
			);
			mainGroup = D7935D71297CF2E500FB5AB1;
			packageReferences = (
				D74B3FAA297D44CE00B596D0 /* XCRemoteSwiftPackageReference "Alamofire" */,
				D74B3FAD297D461E00B596D0 /* XCRemoteSwiftPackageReference "realm-cocoa" */,
				D74B3FB2297D468700B596D0 /* XCRemoteSwiftPackageReference "SDWebImageSwiftUI" */,
				D74B3FCD297E2F8300B596D0 /* XCRemoteSwiftPackageReference "Swinject" */,
			);
			productRefGroup = D7935D7B297CF2E500FB5AB1 /* Products */;
			projectDirPath = "";
			projectRoot = "";
			targets = (
				D7935D79297CF2E500FB5AB1 /* dameal */,
				D7D77EAA29812DB000437C5D /* damealTests */,
			);
		};
/* End PBXProject section */

/* Begin PBXResourcesBuildPhase section */
		D7935D78297CF2E500FB5AB1 /* Resources */ = {
			isa = PBXResourcesBuildPhase;
			buildActionMask = 2147483647;
			files = (
				D7935D85297CF2E700FB5AB1 /* Preview Assets.xcassets in Resources */,
				D7935D82297CF2E700FB5AB1 /* Assets.xcassets in Resources */,
			);
			runOnlyForDeploymentPostprocessing = 0;
		};
		D7D77EA929812DB000437C5D /* Resources */ = {
			isa = PBXResourcesBuildPhase;
			buildActionMask = 2147483647;
			files = (
			);
			runOnlyForDeploymentPostprocessing = 0;
		};
/* End PBXResourcesBuildPhase section */

/* Begin PBXShellScriptBuildPhase section */
		06C8F705F8771E2CFAE0391F /* [CP] Check Pods Manifest.lock */ = {
			isa = PBXShellScriptBuildPhase;
			buildActionMask = 2147483647;
			files = (
			);
			inputFileListPaths = (
			);
			inputPaths = (
				"${PODS_PODFILE_DIR_PATH}/Podfile.lock",
				"${PODS_ROOT}/Manifest.lock",
			);
			name = "[CP] Check Pods Manifest.lock";
			outputFileListPaths = (
			);
			outputPaths = (
				"$(DERIVED_FILE_DIR)/Pods-damealTests-checkManifestLockResult.txt",
			);
			runOnlyForDeploymentPostprocessing = 0;
			shellPath = /bin/sh;
			shellScript = "diff \"${PODS_PODFILE_DIR_PATH}/Podfile.lock\" \"${PODS_ROOT}/Manifest.lock\" > /dev/null\nif [ $? != 0 ] ; then\n    # print error to STDERR\n    echo \"error: The sandbox is not in sync with the Podfile.lock. Run 'pod install' or update your CocoaPods installation.\" >&2\n    exit 1\nfi\n# This output is used by Xcode 'outputs' to avoid re-running this script phase.\necho \"SUCCESS\" > \"${SCRIPT_OUTPUT_FILE_0}\"\n";
			showEnvVarsInLog = 0;
		};
		0AC8B331A50E418CC9C28D23 /* [CP] Embed Pods Frameworks */ = {
			isa = PBXShellScriptBuildPhase;
			buildActionMask = 2147483647;
			files = (
			);
			inputFileListPaths = (
				"${PODS_ROOT}/Target Support Files/Pods-dameal/Pods-dameal-frameworks-${CONFIGURATION}-input-files.xcfilelist",
			);
			name = "[CP] Embed Pods Frameworks";
			outputFileListPaths = (
				"${PODS_ROOT}/Target Support Files/Pods-dameal/Pods-dameal-frameworks-${CONFIGURATION}-output-files.xcfilelist",
			);
			runOnlyForDeploymentPostprocessing = 0;
			shellPath = /bin/sh;
			shellScript = "\"${PODS_ROOT}/Target Support Files/Pods-dameal/Pods-dameal-frameworks.sh\"\n";
			showEnvVarsInLog = 0;
		};
		913C66AE3E328FC82E380CF7 /* [CP] Check Pods Manifest.lock */ = {
			isa = PBXShellScriptBuildPhase;
			buildActionMask = 2147483647;
			files = (
			);
			inputFileListPaths = (
			);
			inputPaths = (
				"${PODS_PODFILE_DIR_PATH}/Podfile.lock",
				"${PODS_ROOT}/Manifest.lock",
			);
			name = "[CP] Check Pods Manifest.lock";
			outputFileListPaths = (
			);
			outputPaths = (
				"$(DERIVED_FILE_DIR)/Pods-dameal-checkManifestLockResult.txt",
			);
			runOnlyForDeploymentPostprocessing = 0;
			shellPath = /bin/sh;
			shellScript = "diff \"${PODS_PODFILE_DIR_PATH}/Podfile.lock\" \"${PODS_ROOT}/Manifest.lock\" > /dev/null\nif [ $? != 0 ] ; then\n    # print error to STDERR\n    echo \"error: The sandbox is not in sync with the Podfile.lock. Run 'pod install' or update your CocoaPods installation.\" >&2\n    exit 1\nfi\n# This output is used by Xcode 'outputs' to avoid re-running this script phase.\necho \"SUCCESS\" > \"${SCRIPT_OUTPUT_FILE_0}\"\n";
			showEnvVarsInLog = 0;
		};
		D7714D65297D39FD004594ED /* ShellScript */ = {
			isa = PBXShellScriptBuildPhase;
			buildActionMask = 2147483647;
			files = (
			);
			inputFileListPaths = (
			);
			inputPaths = (
			);
			outputFileListPaths = (
			);
			outputPaths = (
			);
			runOnlyForDeploymentPostprocessing = 0;
			shellPath = /bin/sh;
			shellScript = "if which swiftlint >/dev/null; then\n  swiftlint --fix\nelse\n  echo \"warning: SwiftLint not installed, download from https://github.com/realm/SwiftLint\"\nfi\n";
		};
/* End PBXShellScriptBuildPhase section */

/* Begin PBXSourcesBuildPhase section */
		D7935D76297CF2E500FB5AB1 /* Sources */ = {
			isa = PBXSourcesBuildPhase;
			buildActionMask = 2147483647;
			files = (
				D7935D80297CF2E500FB5AB1 /* ContentView.swift in Sources */,
				D7EFAD65297F16B100EF1E30 /* FavoriteView.swift in Sources */,
				D7EFAD69297F16C500EF1E30 /* FavoriteRouter.swift in Sources */,
				D7EFAD67297F16BE00EF1E30 /* FavoritePresenter.swift in Sources */,
				D7935D7E297CF2E500FB5AB1 /* DamealApp.swift in Sources */,
			);
			runOnlyForDeploymentPostprocessing = 0;
		};
		D7D77EA729812DB000437C5D /* Sources */ = {
			isa = PBXSourcesBuildPhase;
			buildActionMask = 2147483647;
			files = (
				D7D77EAE29812DB000437C5D /* damealTests.swift in Sources */,
			);
			runOnlyForDeploymentPostprocessing = 0;
		};
/* End PBXSourcesBuildPhase section */

/* Begin PBXTargetDependency section */
		D7D77EB029812DB000437C5D /* PBXTargetDependency */ = {
			isa = PBXTargetDependency;
			target = D7935D79297CF2E500FB5AB1 /* dameal */;
			targetProxy = D7D77EAF29812DB000437C5D /* PBXContainerItemProxy */;
		};
/* End PBXTargetDependency section */

/* Begin XCBuildConfiguration section */
		D7935D86297CF2E700FB5AB1 /* Debug */ = {
			isa = XCBuildConfiguration;
			buildSettings = {
				ALWAYS_SEARCH_USER_PATHS = NO;
				CLANG_ANALYZER_NONNULL = YES;
				CLANG_ANALYZER_NUMBER_OBJECT_CONVERSION = YES_AGGRESSIVE;
				CLANG_CXX_LANGUAGE_STANDARD = "gnu++20";
				CLANG_ENABLE_MODULES = YES;
				CLANG_ENABLE_OBJC_ARC = YES;
				CLANG_ENABLE_OBJC_WEAK = YES;
				CLANG_WARN_BLOCK_CAPTURE_AUTORELEASING = YES;
				CLANG_WARN_BOOL_CONVERSION = YES;
				CLANG_WARN_COMMA = YES;
				CLANG_WARN_CONSTANT_CONVERSION = YES;
				CLANG_WARN_DEPRECATED_OBJC_IMPLEMENTATIONS = YES;
				CLANG_WARN_DIRECT_OBJC_ISA_USAGE = YES_ERROR;
				CLANG_WARN_DOCUMENTATION_COMMENTS = YES;
				CLANG_WARN_EMPTY_BODY = YES;
				CLANG_WARN_ENUM_CONVERSION = YES;
				CLANG_WARN_INFINITE_RECURSION = YES;
				CLANG_WARN_INT_CONVERSION = YES;
				CLANG_WARN_NON_LITERAL_NULL_CONVERSION = YES;
				CLANG_WARN_OBJC_IMPLICIT_RETAIN_SELF = YES;
				CLANG_WARN_OBJC_LITERAL_CONVERSION = YES;
				CLANG_WARN_OBJC_ROOT_CLASS = YES_ERROR;
				CLANG_WARN_QUOTED_INCLUDE_IN_FRAMEWORK_HEADER = YES;
				CLANG_WARN_RANGE_LOOP_ANALYSIS = YES;
				CLANG_WARN_STRICT_PROTOTYPES = YES;
				CLANG_WARN_SUSPICIOUS_MOVE = YES;
				CLANG_WARN_UNGUARDED_AVAILABILITY = YES_AGGRESSIVE;
				CLANG_WARN_UNREACHABLE_CODE = YES;
				CLANG_WARN__DUPLICATE_METHOD_MATCH = YES;
				COPY_PHASE_STRIP = NO;
				DEBUG_INFORMATION_FORMAT = dwarf;
				ENABLE_STRICT_OBJC_MSGSEND = YES;
				ENABLE_TESTABILITY = YES;
				GCC_C_LANGUAGE_STANDARD = gnu11;
				GCC_DYNAMIC_NO_PIC = NO;
				GCC_NO_COMMON_BLOCKS = YES;
				GCC_OPTIMIZATION_LEVEL = 0;
				GCC_PREPROCESSOR_DEFINITIONS = (
					"DEBUG=1",
					"$(inherited)",
				);
				GCC_WARN_64_TO_32_BIT_CONVERSION = YES;
				GCC_WARN_ABOUT_RETURN_TYPE = YES_ERROR;
				GCC_WARN_UNDECLARED_SELECTOR = YES;
				GCC_WARN_UNINITIALIZED_AUTOS = YES_AGGRESSIVE;
				GCC_WARN_UNUSED_FUNCTION = YES;
				GCC_WARN_UNUSED_VARIABLE = YES;
				IPHONEOS_DEPLOYMENT_TARGET = 16.2;
				MTL_ENABLE_DEBUG_INFO = INCLUDE_SOURCE;
				MTL_FAST_MATH = YES;
				ONLY_ACTIVE_ARCH = YES;
				SDKROOT = iphoneos;
				SWIFT_ACTIVE_COMPILATION_CONDITIONS = DEBUG;
				SWIFT_OPTIMIZATION_LEVEL = "-Onone";
			};
			name = Debug;
		};
		D7935D87297CF2E700FB5AB1 /* Release */ = {
			isa = XCBuildConfiguration;
			buildSettings = {
				ALWAYS_SEARCH_USER_PATHS = NO;
				CLANG_ANALYZER_NONNULL = YES;
				CLANG_ANALYZER_NUMBER_OBJECT_CONVERSION = YES_AGGRESSIVE;
				CLANG_CXX_LANGUAGE_STANDARD = "gnu++20";
				CLANG_ENABLE_MODULES = YES;
				CLANG_ENABLE_OBJC_ARC = YES;
				CLANG_ENABLE_OBJC_WEAK = YES;
				CLANG_WARN_BLOCK_CAPTURE_AUTORELEASING = YES;
				CLANG_WARN_BOOL_CONVERSION = YES;
				CLANG_WARN_COMMA = YES;
				CLANG_WARN_CONSTANT_CONVERSION = YES;
				CLANG_WARN_DEPRECATED_OBJC_IMPLEMENTATIONS = YES;
				CLANG_WARN_DIRECT_OBJC_ISA_USAGE = YES_ERROR;
				CLANG_WARN_DOCUMENTATION_COMMENTS = YES;
				CLANG_WARN_EMPTY_BODY = YES;
				CLANG_WARN_ENUM_CONVERSION = YES;
				CLANG_WARN_INFINITE_RECURSION = YES;
				CLANG_WARN_INT_CONVERSION = YES;
				CLANG_WARN_NON_LITERAL_NULL_CONVERSION = YES;
				CLANG_WARN_OBJC_IMPLICIT_RETAIN_SELF = YES;
				CLANG_WARN_OBJC_LITERAL_CONVERSION = YES;
				CLANG_WARN_OBJC_ROOT_CLASS = YES_ERROR;
				CLANG_WARN_QUOTED_INCLUDE_IN_FRAMEWORK_HEADER = YES;
				CLANG_WARN_RANGE_LOOP_ANALYSIS = YES;
				CLANG_WARN_STRICT_PROTOTYPES = YES;
				CLANG_WARN_SUSPICIOUS_MOVE = YES;
				CLANG_WARN_UNGUARDED_AVAILABILITY = YES_AGGRESSIVE;
				CLANG_WARN_UNREACHABLE_CODE = YES;
				CLANG_WARN__DUPLICATE_METHOD_MATCH = YES;
				COPY_PHASE_STRIP = NO;
				DEBUG_INFORMATION_FORMAT = "dwarf-with-dsym";
				ENABLE_NS_ASSERTIONS = NO;
				ENABLE_STRICT_OBJC_MSGSEND = YES;
				GCC_C_LANGUAGE_STANDARD = gnu11;
				GCC_NO_COMMON_BLOCKS = YES;
				GCC_WARN_64_TO_32_BIT_CONVERSION = YES;
				GCC_WARN_ABOUT_RETURN_TYPE = YES_ERROR;
				GCC_WARN_UNDECLARED_SELECTOR = YES;
				GCC_WARN_UNINITIALIZED_AUTOS = YES_AGGRESSIVE;
				GCC_WARN_UNUSED_FUNCTION = YES;
				GCC_WARN_UNUSED_VARIABLE = YES;
				IPHONEOS_DEPLOYMENT_TARGET = 16.2;
				MTL_ENABLE_DEBUG_INFO = NO;
				MTL_FAST_MATH = YES;
				SDKROOT = iphoneos;
				SWIFT_COMPILATION_MODE = wholemodule;
				SWIFT_OPTIMIZATION_LEVEL = "-O";
				VALIDATE_PRODUCT = YES;
			};
			name = Release;
		};
		D7935D89297CF2E700FB5AB1 /* Debug */ = {
			isa = XCBuildConfiguration;
			baseConfigurationReference = 9F5879751A6274CDFAB4BA19 /* Pods-dameal.debug.xcconfig */;
			buildSettings = {
				ASSETCATALOG_COMPILER_APPICON_NAME = AppIcon;
				ASSETCATALOG_COMPILER_GLOBAL_ACCENT_COLOR_NAME = AccentColor;
				CODE_SIGN_STYLE = Automatic;
				CURRENT_PROJECT_VERSION = 1;
				DEVELOPMENT_ASSET_PATHS = "\"dameal/Preview Content\"";
				DEVELOPMENT_TEAM = SNDZ43L8ZN;
				ENABLE_PREVIEWS = YES;
				GENERATE_INFOPLIST_FILE = YES;
				INFOPLIST_KEY_CFBundleDisplayName = Dameal;
				INFOPLIST_KEY_UIApplicationSceneManifest_Generation = YES;
				INFOPLIST_KEY_UIApplicationSupportsIndirectInputEvents = YES;
				INFOPLIST_KEY_UILaunchScreen_Generation = YES;
				INFOPLIST_KEY_UISupportedInterfaceOrientations = UIInterfaceOrientationPortrait;
				IPHONEOS_DEPLOYMENT_TARGET = 14.0;
				LD_RUNPATH_SEARCH_PATHS = (
					"$(inherited)",
					"@executable_path/Frameworks",
				);
				MARKETING_VERSION = 1.0;
				PRODUCT_BUNDLE_IDENTIFIER = com.vynncode.dameal;
				PRODUCT_NAME = "$(TARGET_NAME)";
				SWIFT_EMIT_LOC_STRINGS = YES;
				SWIFT_VERSION = 5.0;
				TARGETED_DEVICE_FAMILY = "1,2";
			};
			name = Debug;
		};
		D7935D8A297CF2E700FB5AB1 /* Release */ = {
			isa = XCBuildConfiguration;
			baseConfigurationReference = 179C5FEF9A2EE89BB1AEA90A /* Pods-dameal.release.xcconfig */;
			buildSettings = {
				ASSETCATALOG_COMPILER_APPICON_NAME = AppIcon;
				ASSETCATALOG_COMPILER_GLOBAL_ACCENT_COLOR_NAME = AccentColor;
				CODE_SIGN_STYLE = Automatic;
				CURRENT_PROJECT_VERSION = 1;
				DEVELOPMENT_ASSET_PATHS = "\"dameal/Preview Content\"";
				DEVELOPMENT_TEAM = SNDZ43L8ZN;
				ENABLE_PREVIEWS = YES;
				GENERATE_INFOPLIST_FILE = YES;
				INFOPLIST_KEY_CFBundleDisplayName = Dameal;
				INFOPLIST_KEY_UIApplicationSceneManifest_Generation = YES;
				INFOPLIST_KEY_UIApplicationSupportsIndirectInputEvents = YES;
				INFOPLIST_KEY_UILaunchScreen_Generation = YES;
				INFOPLIST_KEY_UISupportedInterfaceOrientations = UIInterfaceOrientationPortrait;
				IPHONEOS_DEPLOYMENT_TARGET = 14.0;
				LD_RUNPATH_SEARCH_PATHS = (
					"$(inherited)",
					"@executable_path/Frameworks",
				);
				MARKETING_VERSION = 1.0;
				PRODUCT_BUNDLE_IDENTIFIER = com.vynncode.dameal;
				PRODUCT_NAME = "$(TARGET_NAME)";
				SWIFT_EMIT_LOC_STRINGS = YES;
				SWIFT_VERSION = 5.0;
				TARGETED_DEVICE_FAMILY = "1,2";
			};
			name = Release;
		};
		D7D77EB129812DB000437C5D /* Debug */ = {
			isa = XCBuildConfiguration;
			baseConfigurationReference = 8732449787A288B9ABFE95F3 /* Pods-damealTests.debug.xcconfig */;
			buildSettings = {
				BUNDLE_LOADER = "$(TEST_HOST)";
				CODE_SIGN_STYLE = Automatic;
				CURRENT_PROJECT_VERSION = 1;
				DEVELOPMENT_TEAM = SNDZ43L8ZN;
				GENERATE_INFOPLIST_FILE = YES;
				IPHONEOS_DEPLOYMENT_TARGET = 14.0;
				MACOSX_DEPLOYMENT_TARGET = 13.0;
				MARKETING_VERSION = 1.0;
				PRODUCT_BUNDLE_IDENTIFIER = com.vynncode.damealTests;
				PRODUCT_NAME = "$(TARGET_NAME)";
				SDKROOT = auto;
				SUPPORTED_PLATFORMS = "iphoneos iphonesimulator macosx";
				SWIFT_EMIT_LOC_STRINGS = NO;
				SWIFT_VERSION = 5.0;
				TARGETED_DEVICE_FAMILY = "1,2";
				TEST_HOST = "$(BUILT_PRODUCTS_DIR)/dameal.app/$(BUNDLE_EXECUTABLE_FOLDER_PATH)/dameal";
			};
			name = Debug;
		};
		D7D77EB229812DB000437C5D /* Release */ = {
			isa = XCBuildConfiguration;
			baseConfigurationReference = F2F079E24D2773FA86598125 /* Pods-damealTests.release.xcconfig */;
			buildSettings = {
				BUNDLE_LOADER = "$(TEST_HOST)";
				CODE_SIGN_STYLE = Automatic;
				CURRENT_PROJECT_VERSION = 1;
				DEVELOPMENT_TEAM = SNDZ43L8ZN;
				GENERATE_INFOPLIST_FILE = YES;
				IPHONEOS_DEPLOYMENT_TARGET = 14.0;
				MACOSX_DEPLOYMENT_TARGET = 13.0;
				MARKETING_VERSION = 1.0;
				PRODUCT_BUNDLE_IDENTIFIER = com.vynncode.damealTests;
				PRODUCT_NAME = "$(TARGET_NAME)";
				SDKROOT = auto;
				SUPPORTED_PLATFORMS = "iphoneos iphonesimulator macosx";
				SWIFT_EMIT_LOC_STRINGS = NO;
				SWIFT_VERSION = 5.0;
				TARGETED_DEVICE_FAMILY = "1,2";
				TEST_HOST = "$(BUILT_PRODUCTS_DIR)/dameal.app/$(BUNDLE_EXECUTABLE_FOLDER_PATH)/dameal";
			};
			name = Release;
		};
/* End XCBuildConfiguration section */

/* Begin XCConfigurationList section */
		D7935D75297CF2E500FB5AB1 /* Build configuration list for PBXProject "dameal" */ = {
			isa = XCConfigurationList;
			buildConfigurations = (
				D7935D86297CF2E700FB5AB1 /* Debug */,
				D7935D87297CF2E700FB5AB1 /* Release */,
			);
			defaultConfigurationIsVisible = 0;
			defaultConfigurationName = Release;
		};
		D7935D88297CF2E700FB5AB1 /* Build configuration list for PBXNativeTarget "dameal" */ = {
			isa = XCConfigurationList;
			buildConfigurations = (
				D7935D89297CF2E700FB5AB1 /* Debug */,
				D7935D8A297CF2E700FB5AB1 /* Release */,
			);
			defaultConfigurationIsVisible = 0;
			defaultConfigurationName = Release;
		};
		D7D77EB329812DB000437C5D /* Build configuration list for PBXNativeTarget "damealTests" */ = {
			isa = XCConfigurationList;
			buildConfigurations = (
				D7D77EB129812DB000437C5D /* Debug */,
				D7D77EB229812DB000437C5D /* Release */,
			);
			defaultConfigurationIsVisible = 0;
			defaultConfigurationName = Release;
		};
/* End XCConfigurationList section */

/* Begin XCRemoteSwiftPackageReference section */
		D74B3FAA297D44CE00B596D0 /* XCRemoteSwiftPackageReference "Alamofire" */ = {
			isa = XCRemoteSwiftPackageReference;
			repositoryURL = "https://github.com/Alamofire/Alamofire";
			requirement = {
				kind = upToNextMajorVersion;
				minimumVersion = 5.2.2;
			};
		};
		D74B3FAD297D461E00B596D0 /* XCRemoteSwiftPackageReference "realm-cocoa" */ = {
			isa = XCRemoteSwiftPackageReference;
			repositoryURL = "https://github.com/realm/realm-cocoa";
			requirement = {
				branch = master;
				kind = branch;
			};
		};
		D74B3FB2297D468700B596D0 /* XCRemoteSwiftPackageReference "SDWebImageSwiftUI" */ = {
			isa = XCRemoteSwiftPackageReference;
			repositoryURL = "https://github.com/SDWebImage/SDWebImageSwiftUI";
			requirement = {
				kind = upToNextMajorVersion;
				minimumVersion = 2.0.0;
			};
		};
		D74B3FCD297E2F8300B596D0 /* XCRemoteSwiftPackageReference "Swinject" */ = {
			isa = XCRemoteSwiftPackageReference;
			repositoryURL = "https://github.com/Swinject/Swinject";
			requirement = {
				kind = upToNextMajorVersion;
				minimumVersion = 2.0.0;
			};
		};
/* End XCRemoteSwiftPackageReference section */

/* Begin XCSwiftPackageProductDependency section */
		D74B3FAB297D44CE00B596D0 /* Alamofire */ = {
			isa = XCSwiftPackageProductDependency;
			package = D74B3FAA297D44CE00B596D0 /* XCRemoteSwiftPackageReference "Alamofire" */;
			productName = Alamofire;
		};
		D74B3FAE297D461E00B596D0 /* Realm */ = {
			isa = XCSwiftPackageProductDependency;
			package = D74B3FAD297D461E00B596D0 /* XCRemoteSwiftPackageReference "realm-cocoa" */;
			productName = Realm;
		};
		D74B3FB0297D461E00B596D0 /* RealmSwift */ = {
			isa = XCSwiftPackageProductDependency;
			package = D74B3FAD297D461E00B596D0 /* XCRemoteSwiftPackageReference "realm-cocoa" */;
			productName = RealmSwift;
		};
		D74B3FB3297D468700B596D0 /* SDWebImageSwiftUI */ = {
			isa = XCSwiftPackageProductDependency;
			package = D74B3FB2297D468700B596D0 /* XCRemoteSwiftPackageReference "SDWebImageSwiftUI" */;
			productName = SDWebImageSwiftUI;
		};
		D74B3FCE297E2F8300B596D0 /* Swinject */ = {
			isa = XCSwiftPackageProductDependency;
			package = D74B3FCD297E2F8300B596D0 /* XCRemoteSwiftPackageReference "Swinject" */;
			productName = Swinject;
		};
/* End XCSwiftPackageProductDependency section */
	};
	rootObject = D7935D72297CF2E500FB5AB1 /* Project object */;
}
